
Microsoft Visual Studio Solution File, Format Version 12.00
Project("{FAE04EC0-301F-11D3-BF4B-00C04F79EFBC}") = "ERPProject", "ERPProject\ERPProject.csproj", "{0C76EC0A-7043-43E9-BC6C-51078D1FEDE5}"
EndProject
Global
	GlobalSection(SolutionConfigurationPlatforms) = preSolution
		Debug|Any CPU = Debug|Any CPU
		Release|Any CPU = Release|Any CPU
	EndGlobalSection
	GlobalSection(ProjectConfigurationPlatforms) = postSolution
		{0C76EC0A-7043-43E9-BC6C-51078D1FEDE5}.Debug|Any CPU.ActiveCfg = Debug|Any CPU
		{0C76EC0A-7043-43E9-BC6C-51078D1FEDE5}.Debug|Any CPU.Build.0 = Debug|Any CPU
		{0C76EC0A-7043-43E9-BC6C-51078D1FEDE5}.Release|Any CPU.ActiveCfg = Release|Any CPU
		{0C76EC0A-7043-43E9-BC6C-51078D1FEDE5}.Release|Any CPU.Build.0 = Release|Any CPU
	EndGlobalSection
EndGlobal
